# generated by rye
# use `rye lock` or `rye sync` to update this lockfile
#
# last locked with the following flags:
#   pre: false
#   features: []
#   all-features: false
#   with-sources: false
#   generate-hashes: false

-e file:.
python-dotenv==1.0.1
    # via slackbot-dify-connection
slack-bolt==1.20.1
    # via slackbot-dify-connection
slack-sdk==3.33.1
    # via slack-bolt
